// !$*UTF8*$!
{
	archiveVersion = 1;
	classes = {
	};
	objectVersion = 55;
	objects = {

/* Begin PBXBuildFile section */
		410A101928764D5C0023F523 /* Compose.storyboard in Resources */ = {isa = PBXBuildFile; fileRef = 410A101828764D5C0023F523 /* Compose.storyboard */; };
		410A101C287659E40023F523 /* ComposeViewController.m in Sources */ = {isa = PBXBuildFile; fileRef = 410A101B287659E40023F523 /* ComposeViewController.m */; };
		410A1022287744120023F523 /* ComposeScrollView.m in Sources */ = {isa = PBXBuildFile; fileRef = 410A1021287744120023F523 /* ComposeScrollView.m */; };
		410A1028287749860023F523 /* ParseEvent.m in Sources */ = {isa = PBXBuildFile; fileRef = 410A1027287749860023F523 /* ParseEvent.m */; };
		410A102B28774BE50023F523 /* ParseEventBuilder.m in Sources */ = {isa = PBXBuildFile; fileRef = 410A102A28774BE50023F523 /* ParseEventBuilder.m */; };
		410A102E287797850023F523 /* ParseEventHandler.m in Sources */ = {isa = PBXBuildFile; fileRef = 410A102D287797850023F523 /* ParseEventHandler.m */; };
		412D3A4C287E0F2D0023C9AA /* Details.storyboard in Resources */ = {isa = PBXBuildFile; fileRef = 412D3A4B287E0F2D0023C9AA /* Details.storyboard */; };
		412D3A53287F388E0023C9AA /* DetailsViewController.m in Sources */ = {isa = PBXBuildFile; fileRef = 412D3A52287F388E0023C9AA /* DetailsViewController.m */; };
		412D3A56287F394D0023C9AA /* DetailsView.m in Sources */ = {isa = PBXBuildFile; fileRef = 412D3A55287F394D0023C9AA /* DetailsView.m */; };
		413DE50A2874B39200CCF8E1 /* AppDelegate.m in Sources */ = {isa = PBXBuildFile; fileRef = 413DE5092874B39200CCF8E1 /* AppDelegate.m */; };
		413DE50D2874B39200CCF8E1 /* SceneDelegate.m in Sources */ = {isa = PBXBuildFile; fileRef = 413DE50C2874B39200CCF8E1 /* SceneDelegate.m */; };
		413DE5132874B39200CCF8E1 /* Main.storyboard in Resources */ = {isa = PBXBuildFile; fileRef = 413DE5112874B39200CCF8E1 /* Main.storyboard */; };
		413DE5152874B39400CCF8E1 /* Assets.xcassets in Resources */ = {isa = PBXBuildFile; fileRef = 413DE5142874B39400CCF8E1 /* Assets.xcassets */; };
		413DE5182874B39400CCF8E1 /* LaunchScreen.storyboard in Resources */ = {isa = PBXBuildFile; fileRef = 413DE5162874B39400CCF8E1 /* LaunchScreen.storyboard */; };
		413DE51B2874B39400CCF8E1 /* main.m in Sources */ = {isa = PBXBuildFile; fileRef = 413DE51A2874B39400CCF8E1 /* main.m */; };
		413DE52F2874B39400CCF8E1 /* CalendarUITests.m in Sources */ = {isa = PBXBuildFile; fileRef = 413DE52E2874B39400CCF8E1 /* CalendarUITests.m */; };
		413DE5312874B39400CCF8E1 /* CalendarUITestsLaunchTests.m in Sources */ = {isa = PBXBuildFile; fileRef = 413DE5302874B39400CCF8E1 /* CalendarUITestsLaunchTests.m */; };
		413DE540287600C000CCF8E1 /* LoginViewController.m in Sources */ = {isa = PBXBuildFile; fileRef = 413DE53F287600C000CCF8E1 /* LoginViewController.m */; };
		413DE543287600E800CCF8E1 /* TodoViewController.m in Sources */ = {isa = PBXBuildFile; fileRef = 413DE542287600E800CCF8E1 /* TodoViewController.m */; };
		413DE54C28761EBF00CCF8E1 /* AuthenticationHandler.m in Sources */ = {isa = PBXBuildFile; fileRef = 413DE54A28761EBF00CCF8E1 /* AuthenticationHandler.m */; };
		413DE55428762DB300CCF8E1 /* TodoList.storyboard in Resources */ = {isa = PBXBuildFile; fileRef = 413DE55328762DB300CCF8E1 /* TodoList.storyboard */; };
		413DE55A287634A700CCF8E1 /* LoginView.m in Sources */ = {isa = PBXBuildFile; fileRef = 413DE559287634A700CCF8E1 /* LoginView.m */; };
		41B7F4E92885CFD200030027 /* CalendarEventHandler.swift in Sources */ = {isa = PBXBuildFile; fileRef = 41B7F4E82885CFD200030027 /* CalendarEventHandler.swift */; };
		41B7F4ED2885FDC800030027 /* EventModel.swift in Sources */ = {isa = PBXBuildFile; fileRef = 41B7F4EC2885FDC800030027 /* EventModel.swift */; };
		41B7F4F12887162B00030027 /* EKEventHandler.m in Sources */ = {isa = PBXBuildFile; fileRef = 41B7F4F02887162B00030027 /* EKEventHandler.m */; };
		41B7F4F6288740B400030027 /* EKEventBuilder.m in Sources */ = {isa = PBXBuildFile; fileRef = 41B7F4F5288740B400030027 /* EKEventBuilder.m */; };
		41B7F53D288868E800030027 /* CalendarApp.xcdatamodeld in Sources */ = {isa = PBXBuildFile; fileRef = 41B7F53B288868E800030027 /* CalendarApp.xcdatamodeld */; };
		41B7F544288886DF00030027 /* CoreDataEventHandler.m in Sources */ = {isa = PBXBuildFile; fileRef = 41B7F543288886DF00030027 /* CoreDataEventHandler.m */; };
		41B7F5472888A28700030027 /* CalendarEventHandlerTests.swift in Sources */ = {isa = PBXBuildFile; fileRef = 41B7F5462888A28700030027 /* CalendarEventHandlerTests.swift */; };
		41B7F5492888A79400030027 /* SampleEvents.swift in Sources */ = {isa = PBXBuildFile; fileRef = 41B7F5482888A79400030027 /* SampleEvents.swift */; };
		41B7F54F2889AF5800030027 /* CoreDataEventBuilder.m in Sources */ = {isa = PBXBuildFile; fileRef = 41B7F54E2889AF5800030027 /* CoreDataEventBuilder.m */; };
		41E2CF642880C9A20077F173 /* Keys.plist in Resources */ = {isa = PBXBuildFile; fileRef = 41E2CF632880C9A20077F173 /* Keys.plist */; };
		41E2CF6E2880CBC60077F173 /* DailyCalendarViewController.swift in Sources */ = {isa = PBXBuildFile; fileRef = 41E2CF6D2880CBC60077F173 /* DailyCalendarViewController.swift */; };
		41E2CF792880DE500077F173 /* Schedule.storyboard in Resources */ = {isa = PBXBuildFile; fileRef = 41E2CF782880DE500077F173 /* Schedule.storyboard */; };
		41E2CF7C2880DE930077F173 /* ScheduleViewController.m in Sources */ = {isa = PBXBuildFile; fileRef = 41E2CF7B2880DE930077F173 /* ScheduleViewController.m */; };
		9ABC58D574AD5DE147CC020D /* libPods-CalendarTests.a in Frameworks */ = {isa = PBXBuildFile; fileRef = 470694E230CC0AE8EE7A2149 /* libPods-CalendarTests.a */; };
		A9F8029960C8174E0677EDC8 /* libPods-Calendar.a in Frameworks */ = {isa = PBXBuildFile; fileRef = 428F343F06B776A65B2D51DE /* libPods-Calendar.a */; };
		E102A5E6C44E47B4940A94BB /* libPods-Calendar-CalendarUITests.a in Frameworks */ = {isa = PBXBuildFile; fileRef = B57BE2F214487C13945C1F83 /* libPods-Calendar-CalendarUITests.a */; };
/* End PBXBuildFile section */

/* Begin PBXContainerItemProxy section */
		413DE5212874B39400CCF8E1 /* PBXContainerItemProxy */ = {
			isa = PBXContainerItemProxy;
			containerPortal = 413DE4FD2874B39200CCF8E1 /* Project object */;
			proxyType = 1;
			remoteGlobalIDString = 413DE5042874B39200CCF8E1;
			remoteInfo = Calendar;
		};
		413DE52B2874B39400CCF8E1 /* PBXContainerItemProxy */ = {
			isa = PBXContainerItemProxy;
			containerPortal = 413DE4FD2874B39200CCF8E1 /* Project object */;
			proxyType = 1;
			remoteGlobalIDString = 413DE5042874B39200CCF8E1;
			remoteInfo = Calendar;
		};
/* End PBXContainerItemProxy section */

/* Begin PBXFileReference section */
		409A67BDEC49EFADE60844D5 /* Pods-CalendarTests.debug.xcconfig */ = {isa = PBXFileReference; includeInIndex = 1; lastKnownFileType = text.xcconfig; name = "Pods-CalendarTests.debug.xcconfig"; path = "Target Support Files/Pods-CalendarTests/Pods-CalendarTests.debug.xcconfig"; sourceTree = "<group>"; };
		410A101828764D5C0023F523 /* Compose.storyboard */ = {isa = PBXFileReference; lastKnownFileType = file.storyboard; path = Compose.storyboard; sourceTree = "<group>"; };
		410A101A287659E40023F523 /* ComposeViewController.h */ = {isa = PBXFileReference; lastKnownFileType = sourcecode.c.h; path = ComposeViewController.h; sourceTree = "<group>"; };
		410A101B287659E40023F523 /* ComposeViewController.m */ = {isa = PBXFileReference; lastKnownFileType = sourcecode.c.objc; path = ComposeViewController.m; sourceTree = "<group>"; };
		410A1020287744120023F523 /* ComposeScrollView.h */ = {isa = PBXFileReference; lastKnownFileType = sourcecode.c.h; path = ComposeScrollView.h; sourceTree = "<group>"; };
		410A1021287744120023F523 /* ComposeScrollView.m */ = {isa = PBXFileReference; lastKnownFileType = sourcecode.c.objc; path = ComposeScrollView.m; sourceTree = "<group>"; };
		410A1026287749860023F523 /* ParseEvent.h */ = {isa = PBXFileReference; lastKnownFileType = sourcecode.c.h; path = ParseEvent.h; sourceTree = "<group>"; };
		410A1027287749860023F523 /* ParseEvent.m */ = {isa = PBXFileReference; lastKnownFileType = sourcecode.c.objc; path = ParseEvent.m; sourceTree = "<group>"; };
		410A102928774BE50023F523 /* ParseEventBuilder.h */ = {isa = PBXFileReference; lastKnownFileType = sourcecode.c.h; path = ParseEventBuilder.h; sourceTree = "<group>"; };
		410A102A28774BE50023F523 /* ParseEventBuilder.m */ = {isa = PBXFileReference; lastKnownFileType = sourcecode.c.objc; path = ParseEventBuilder.m; sourceTree = "<group>"; };
		410A102C287797850023F523 /* ParseEventHandler.h */ = {isa = PBXFileReference; lastKnownFileType = sourcecode.c.h; path = ParseEventHandler.h; sourceTree = "<group>"; };
		410A102D287797850023F523 /* ParseEventHandler.m */ = {isa = PBXFileReference; lastKnownFileType = sourcecode.c.objc; path = ParseEventHandler.m; sourceTree = "<group>"; };
		412D3A4B287E0F2D0023C9AA /* Details.storyboard */ = {isa = PBXFileReference; lastKnownFileType = file.storyboard; path = Details.storyboard; sourceTree = "<group>"; };
		412D3A51287F388E0023C9AA /* DetailsViewController.h */ = {isa = PBXFileReference; lastKnownFileType = sourcecode.c.h; path = DetailsViewController.h; sourceTree = "<group>"; };
		412D3A52287F388E0023C9AA /* DetailsViewController.m */ = {isa = PBXFileReference; lastKnownFileType = sourcecode.c.objc; path = DetailsViewController.m; sourceTree = "<group>"; };
		412D3A54287F394D0023C9AA /* DetailsView.h */ = {isa = PBXFileReference; lastKnownFileType = sourcecode.c.h; path = DetailsView.h; sourceTree = "<group>"; };
		412D3A55287F394D0023C9AA /* DetailsView.m */ = {isa = PBXFileReference; lastKnownFileType = sourcecode.c.objc; path = DetailsView.m; sourceTree = "<group>"; };
		413DE5052874B39200CCF8E1 /* CalendarApp.app */ = {isa = PBXFileReference; explicitFileType = wrapper.application; includeInIndex = 0; path = CalendarApp.app; sourceTree = BUILT_PRODUCTS_DIR; };
		413DE5082874B39200CCF8E1 /* AppDelegate.h */ = {isa = PBXFileReference; lastKnownFileType = sourcecode.c.h; path = AppDelegate.h; sourceTree = "<group>"; };
		413DE5092874B39200CCF8E1 /* AppDelegate.m */ = {isa = PBXFileReference; lastKnownFileType = sourcecode.c.objc; path = AppDelegate.m; sourceTree = "<group>"; };
		413DE50B2874B39200CCF8E1 /* SceneDelegate.h */ = {isa = PBXFileReference; lastKnownFileType = sourcecode.c.h; path = SceneDelegate.h; sourceTree = "<group>"; };
		413DE50C2874B39200CCF8E1 /* SceneDelegate.m */ = {isa = PBXFileReference; lastKnownFileType = sourcecode.c.objc; path = SceneDelegate.m; sourceTree = "<group>"; };
		413DE5122874B39200CCF8E1 /* Base */ = {isa = PBXFileReference; lastKnownFileType = file.storyboard; name = Base; path = Base.lproj/Main.storyboard; sourceTree = "<group>"; };
		413DE5142874B39400CCF8E1 /* Assets.xcassets */ = {isa = PBXFileReference; lastKnownFileType = folder.assetcatalog; path = Assets.xcassets; sourceTree = "<group>"; };
		413DE5172874B39400CCF8E1 /* Base */ = {isa = PBXFileReference; lastKnownFileType = file.storyboard; name = Base; path = Base.lproj/LaunchScreen.storyboard; sourceTree = "<group>"; };
		413DE5192874B39400CCF8E1 /* Info.plist */ = {isa = PBXFileReference; lastKnownFileType = text.plist.xml; path = Info.plist; sourceTree = "<group>"; };
		413DE51A2874B39400CCF8E1 /* main.m */ = {isa = PBXFileReference; lastKnownFileType = sourcecode.c.objc; path = main.m; sourceTree = "<group>"; };
		413DE5202874B39400CCF8E1 /* CalendarAppTests.xctest */ = {isa = PBXFileReference; explicitFileType = wrapper.cfbundle; includeInIndex = 0; path = CalendarAppTests.xctest; sourceTree = BUILT_PRODUCTS_DIR; };
		413DE52A2874B39400CCF8E1 /* CalendarAppUITests.xctest */ = {isa = PBXFileReference; explicitFileType = wrapper.cfbundle; includeInIndex = 0; path = CalendarAppUITests.xctest; sourceTree = BUILT_PRODUCTS_DIR; };
		413DE52E2874B39400CCF8E1 /* CalendarUITests.m */ = {isa = PBXFileReference; lastKnownFileType = sourcecode.c.objc; path = CalendarUITests.m; sourceTree = "<group>"; };
		413DE5302874B39400CCF8E1 /* CalendarUITestsLaunchTests.m */ = {isa = PBXFileReference; lastKnownFileType = sourcecode.c.objc; path = CalendarUITestsLaunchTests.m; sourceTree = "<group>"; };
		413DE53E287600C000CCF8E1 /* LoginViewController.h */ = {isa = PBXFileReference; lastKnownFileType = sourcecode.c.h; path = LoginViewController.h; sourceTree = "<group>"; };
		413DE53F287600C000CCF8E1 /* LoginViewController.m */ = {isa = PBXFileReference; lastKnownFileType = sourcecode.c.objc; path = LoginViewController.m; sourceTree = "<group>"; };
		413DE541287600E800CCF8E1 /* TodoViewController.h */ = {isa = PBXFileReference; lastKnownFileType = sourcecode.c.h; path = TodoViewController.h; sourceTree = "<group>"; };
		413DE542287600E800CCF8E1 /* TodoViewController.m */ = {isa = PBXFileReference; lastKnownFileType = sourcecode.c.objc; path = TodoViewController.m; sourceTree = "<group>"; };
		413DE54828761EBE00CCF8E1 /* AuthenticationHandler.h */ = {isa = PBXFileReference; fileEncoding = 4; lastKnownFileType = sourcecode.c.h; path = AuthenticationHandler.h; sourceTree = "<group>"; };
		413DE54A28761EBF00CCF8E1 /* AuthenticationHandler.m */ = {isa = PBXFileReference; fileEncoding = 4; lastKnownFileType = sourcecode.c.objc; path = AuthenticationHandler.m; sourceTree = "<group>"; };
		413DE55328762DB300CCF8E1 /* TodoList.storyboard */ = {isa = PBXFileReference; lastKnownFileType = file.storyboard; path = TodoList.storyboard; sourceTree = "<group>"; };
		413DE558287634A700CCF8E1 /* LoginView.h */ = {isa = PBXFileReference; fileEncoding = 4; lastKnownFileType = sourcecode.c.h; path = LoginView.h; sourceTree = "<group>"; };
		413DE559287634A700CCF8E1 /* LoginView.m */ = {isa = PBXFileReference; fileEncoding = 4; lastKnownFileType = sourcecode.c.objc; path = LoginView.m; sourceTree = "<group>"; };
		41B7F4E82885CFD200030027 /* CalendarEventHandler.swift */ = {isa = PBXFileReference; lastKnownFileType = sourcecode.swift; path = CalendarEventHandler.swift; sourceTree = "<group>"; };
		41B7F4EC2885FDC800030027 /* EventModel.swift */ = {isa = PBXFileReference; lastKnownFileType = sourcecode.swift; path = EventModel.swift; sourceTree = "<group>"; };
		41B7F4EF2887162B00030027 /* EKEventHandler.h */ = {isa = PBXFileReference; lastKnownFileType = sourcecode.c.h; path = EKEventHandler.h; sourceTree = "<group>"; };
		41B7F4F02887162B00030027 /* EKEventHandler.m */ = {isa = PBXFileReference; lastKnownFileType = sourcecode.c.objc; path = EKEventHandler.m; sourceTree = "<group>"; };
		41B7F4F22887171500030027 /* EventHandler.h */ = {isa = PBXFileReference; lastKnownFileType = sourcecode.c.h; path = EventHandler.h; sourceTree = "<group>"; };
		41B7F4F4288740B400030027 /* EKEventBuilder.h */ = {isa = PBXFileReference; lastKnownFileType = sourcecode.c.h; path = EKEventBuilder.h; sourceTree = "<group>"; };
		41B7F4F5288740B400030027 /* EKEventBuilder.m */ = {isa = PBXFileReference; lastKnownFileType = sourcecode.c.objc; path = EKEventBuilder.m; sourceTree = "<group>"; };
		41B7F53C288868E800030027 /* CalendarApp.xcdatamodel */ = {isa = PBXFileReference; lastKnownFileType = wrapper.xcdatamodel; path = CalendarApp.xcdatamodel; sourceTree = "<group>"; };
		41B7F542288886DF00030027 /* CoreDataEventHandler.h */ = {isa = PBXFileReference; lastKnownFileType = sourcecode.c.h; path = CoreDataEventHandler.h; sourceTree = "<group>"; };
		41B7F543288886DF00030027 /* CoreDataEventHandler.m */ = {isa = PBXFileReference; lastKnownFileType = sourcecode.c.objc; path = CoreDataEventHandler.m; sourceTree = "<group>"; };
		41B7F5452888A28600030027 /* CalendarAppTests-Bridging-Header.h */ = {isa = PBXFileReference; lastKnownFileType = sourcecode.c.h; path = "CalendarAppTests-Bridging-Header.h"; sourceTree = "<group>"; };
		41B7F5462888A28700030027 /* CalendarEventHandlerTests.swift */ = {isa = PBXFileReference; lastKnownFileType = sourcecode.swift; path = CalendarEventHandlerTests.swift; sourceTree = "<group>"; };
		41B7F5482888A79400030027 /* SampleEvents.swift */ = {isa = PBXFileReference; lastKnownFileType = sourcecode.swift; path = SampleEvents.swift; sourceTree = "<group>"; };
		41B7F54D2889AF5800030027 /* CoreDataEventBuilder.h */ = {isa = PBXFileReference; lastKnownFileType = sourcecode.c.h; path = CoreDataEventBuilder.h; sourceTree = "<group>"; };
		41B7F54E2889AF5800030027 /* CoreDataEventBuilder.m */ = {isa = PBXFileReference; lastKnownFileType = sourcecode.c.objc; path = CoreDataEventBuilder.m; sourceTree = "<group>"; };
		41E2CF632880C9A20077F173 /* Keys.plist */ = {isa = PBXFileReference; fileEncoding = 4; lastKnownFileType = text.plist.xml; path = Keys.plist; sourceTree = "<group>"; };
		41E2CF6C2880CBC50077F173 /* CalendarApp-Bridging-Header.h */ = {isa = PBXFileReference; lastKnownFileType = sourcecode.c.h; path = "CalendarApp-Bridging-Header.h"; sourceTree = "<group>"; };
		41E2CF6D2880CBC60077F173 /* DailyCalendarViewController.swift */ = {isa = PBXFileReference; lastKnownFileType = sourcecode.swift; path = DailyCalendarViewController.swift; sourceTree = "<group>"; };
		41E2CF782880DE500077F173 /* Schedule.storyboard */ = {isa = PBXFileReference; lastKnownFileType = file.storyboard; path = Schedule.storyboard; sourceTree = "<group>"; };
		41E2CF7A2880DE930077F173 /* ScheduleViewController.h */ = {isa = PBXFileReference; lastKnownFileType = sourcecode.c.h; path = ScheduleViewController.h; sourceTree = "<group>"; };
		41E2CF7B2880DE930077F173 /* ScheduleViewController.m */ = {isa = PBXFileReference; lastKnownFileType = sourcecode.c.objc; path = ScheduleViewController.m; sourceTree = "<group>"; };
		428F343F06B776A65B2D51DE /* libPods-Calendar.a */ = {isa = PBXFileReference; explicitFileType = archive.ar; includeInIndex = 0; path = "libPods-Calendar.a"; sourceTree = BUILT_PRODUCTS_DIR; };
		470694E230CC0AE8EE7A2149 /* libPods-CalendarTests.a */ = {isa = PBXFileReference; explicitFileType = archive.ar; includeInIndex = 0; path = "libPods-CalendarTests.a"; sourceTree = BUILT_PRODUCTS_DIR; };
		504796EDD91AE659F6D184A1 /* Pods-Calendar.release.xcconfig */ = {isa = PBXFileReference; includeInIndex = 1; lastKnownFileType = text.xcconfig; name = "Pods-Calendar.release.xcconfig"; path = "Target Support Files/Pods-Calendar/Pods-Calendar.release.xcconfig"; sourceTree = "<group>"; };
		5673277F7B796588BB2960DF /* Pods-Calendar.debug.xcconfig */ = {isa = PBXFileReference; includeInIndex = 1; lastKnownFileType = text.xcconfig; name = "Pods-Calendar.debug.xcconfig"; path = "Target Support Files/Pods-Calendar/Pods-Calendar.debug.xcconfig"; sourceTree = "<group>"; };
		74B456A65A3976A8B730423D /* Pods-Calendar-CalendarUITests.debug.xcconfig */ = {isa = PBXFileReference; includeInIndex = 1; lastKnownFileType = text.xcconfig; name = "Pods-Calendar-CalendarUITests.debug.xcconfig"; path = "Target Support Files/Pods-Calendar-CalendarUITests/Pods-Calendar-CalendarUITests.debug.xcconfig"; sourceTree = "<group>"; };
		A6C562733995A14A0194FD62 /* Pods-CalendarTests.release.xcconfig */ = {isa = PBXFileReference; includeInIndex = 1; lastKnownFileType = text.xcconfig; name = "Pods-CalendarTests.release.xcconfig"; path = "Target Support Files/Pods-CalendarTests/Pods-CalendarTests.release.xcconfig"; sourceTree = "<group>"; };
		B4160B553E899F99AE6F60C2 /* Pods-Calendar-CalendarUITests.release.xcconfig */ = {isa = PBXFileReference; includeInIndex = 1; lastKnownFileType = text.xcconfig; name = "Pods-Calendar-CalendarUITests.release.xcconfig"; path = "Target Support Files/Pods-Calendar-CalendarUITests/Pods-Calendar-CalendarUITests.release.xcconfig"; sourceTree = "<group>"; };
		B57BE2F214487C13945C1F83 /* libPods-Calendar-CalendarUITests.a */ = {isa = PBXFileReference; explicitFileType = archive.ar; includeInIndex = 0; path = "libPods-Calendar-CalendarUITests.a"; sourceTree = BUILT_PRODUCTS_DIR; };
/* End PBXFileReference section */

/* Begin PBXFrameworksBuildPhase section */
		413DE5022874B39200CCF8E1 /* Frameworks */ = {
			isa = PBXFrameworksBuildPhase;
			buildActionMask = 2147483647;
			files = (
				A9F8029960C8174E0677EDC8 /* libPods-Calendar.a in Frameworks */,
			);
			runOnlyForDeploymentPostprocessing = 0;
		};
		413DE51D2874B39400CCF8E1 /* Frameworks */ = {
			isa = PBXFrameworksBuildPhase;
			buildActionMask = 2147483647;
			files = (
				9ABC58D574AD5DE147CC020D /* libPods-CalendarTests.a in Frameworks */,
			);
			runOnlyForDeploymentPostprocessing = 0;
		};
		413DE5272874B39400CCF8E1 /* Frameworks */ = {
			isa = PBXFrameworksBuildPhase;
			buildActionMask = 2147483647;
			files = (
				E102A5E6C44E47B4940A94BB /* libPods-Calendar-CalendarUITests.a in Frameworks */,
			);
			runOnlyForDeploymentPostprocessing = 0;
		};
/* End PBXFrameworksBuildPhase section */

/* Begin PBXGroup section */
		412D3A4D287E333E0023C9AA /* Logic Handlers */ = {
			isa = PBXGroup;
			children = (
				41B7F4E82885CFD200030027 /* CalendarEventHandler.swift */,
			);
			path = "Logic Handlers";
			sourceTree = "<group>";
		};
		413DE4FC2874B39200CCF8E1 = {
			isa = PBXGroup;
			children = (
				413DE5072874B39200CCF8E1 /* CalendarApp */,
				413DE5232874B39400CCF8E1 /* CalendarAppTests */,
				413DE52D2874B39400CCF8E1 /* CalendarAppUITests */,
				413DE5062874B39200CCF8E1 /* Products */,
				F795144D40A42030DEA6F66C /* Pods */,
				F92209D9A5C440EB4A736AE2 /* Frameworks */,
			);
			sourceTree = "<group>";
		};
		413DE5062874B39200CCF8E1 /* Products */ = {
			isa = PBXGroup;
			children = (
				413DE5052874B39200CCF8E1 /* CalendarApp.app */,
				413DE5202874B39400CCF8E1 /* CalendarAppTests.xctest */,
				413DE52A2874B39400CCF8E1 /* CalendarAppUITests.xctest */,
			);
			name = Products;
			sourceTree = "<group>";
		};
		413DE5072874B39200CCF8E1 /* CalendarApp */ = {
			isa = PBXGroup;
			children = (
				41B7F54A2889AF0C00030027 /* Event Builders */,
				41B7F4EE2887160100030027 /* Event Handlers */,
				413DE55628762F5200CCF8E1 /* Parse Handlers */,
				412D3A4D287E333E0023C9AA /* Logic Handlers */,
				413DE5572876349A00CCF8E1 /* Views */,
				413DE55528762F4200CCF8E1 /* Models */,
				413DE55028762BD000CCF8E1 /* Storyboards */,
				413DE53D2876009D00CCF8E1 /* View Controllers */,
				413DE5082874B39200CCF8E1 /* AppDelegate.h */,
				413DE5092874B39200CCF8E1 /* AppDelegate.m */,
				41E2CF632880C9A20077F173 /* Keys.plist */,
				413DE50B2874B39200CCF8E1 /* SceneDelegate.h */,
				413DE50C2874B39200CCF8E1 /* SceneDelegate.m */,
				413DE5142874B39400CCF8E1 /* Assets.xcassets */,
				413DE5192874B39400CCF8E1 /* Info.plist */,
				413DE51A2874B39400CCF8E1 /* main.m */,
				41E2CF6C2880CBC50077F173 /* CalendarApp-Bridging-Header.h */,
			);
			path = CalendarApp;
			sourceTree = "<group>";
		};
		413DE5232874B39400CCF8E1 /* CalendarAppTests */ = {
			isa = PBXGroup;
			children = (
				41B7F5462888A28700030027 /* CalendarEventHandlerTests.swift */,
				41B7F5452888A28600030027 /* CalendarAppTests-Bridging-Header.h */,
				41B7F5482888A79400030027 /* SampleEvents.swift */,
			);
			path = CalendarAppTests;
			sourceTree = "<group>";
		};
		413DE52D2874B39400CCF8E1 /* CalendarAppUITests */ = {
			isa = PBXGroup;
			children = (
				413DE52E2874B39400CCF8E1 /* CalendarUITests.m */,
				413DE5302874B39400CCF8E1 /* CalendarUITestsLaunchTests.m */,
			);
			path = CalendarAppUITests;
			sourceTree = "<group>";
		};
		413DE53D2876009D00CCF8E1 /* View Controllers */ = {
			isa = PBXGroup;
			children = (
				413DE53E287600C000CCF8E1 /* LoginViewController.h */,
				413DE53F287600C000CCF8E1 /* LoginViewController.m */,
				413DE541287600E800CCF8E1 /* TodoViewController.h */,
				413DE542287600E800CCF8E1 /* TodoViewController.m */,
				410A101A287659E40023F523 /* ComposeViewController.h */,
				410A101B287659E40023F523 /* ComposeViewController.m */,
				412D3A51287F388E0023C9AA /* DetailsViewController.h */,
				412D3A52287F388E0023C9AA /* DetailsViewController.m */,
				41E2CF6D2880CBC60077F173 /* DailyCalendarViewController.swift */,
				41E2CF7A2880DE930077F173 /* ScheduleViewController.h */,
				41E2CF7B2880DE930077F173 /* ScheduleViewController.m */,
			);
			path = "View Controllers";
			sourceTree = "<group>";
		};
		413DE55028762BD000CCF8E1 /* Storyboards */ = {
			isa = PBXGroup;
			children = (
				413DE5112874B39200CCF8E1 /* Main.storyboard */,
				413DE5162874B39400CCF8E1 /* LaunchScreen.storyboard */,
				413DE55328762DB300CCF8E1 /* TodoList.storyboard */,
				410A101828764D5C0023F523 /* Compose.storyboard */,
				412D3A4B287E0F2D0023C9AA /* Details.storyboard */,
				41E2CF782880DE500077F173 /* Schedule.storyboard */,
			);
			path = Storyboards;
			sourceTree = "<group>";
		};
		413DE55528762F4200CCF8E1 /* Models */ = {
			isa = PBXGroup;
			children = (
				410A1026287749860023F523 /* ParseEvent.h */,
				410A1027287749860023F523 /* ParseEvent.m */,
				41B7F4EC2885FDC800030027 /* EventModel.swift */,
				41B7F53B288868E800030027 /* CalendarApp.xcdatamodeld */,
			);
			path = Models;
			sourceTree = "<group>";
		};
		413DE55628762F5200CCF8E1 /* Parse Handlers */ = {
			isa = PBXGroup;
			children = (
				413DE54828761EBE00CCF8E1 /* AuthenticationHandler.h */,
				413DE54A28761EBF00CCF8E1 /* AuthenticationHandler.m */,
			);
			path = "Parse Handlers";
			sourceTree = "<group>";
		};
		413DE5572876349A00CCF8E1 /* Views */ = {
			isa = PBXGroup;
			children = (
				413DE558287634A700CCF8E1 /* LoginView.h */,
				413DE559287634A700CCF8E1 /* LoginView.m */,
				410A1020287744120023F523 /* ComposeScrollView.h */,
				410A1021287744120023F523 /* ComposeScrollView.m */,
				412D3A54287F394D0023C9AA /* DetailsView.h */,
				412D3A55287F394D0023C9AA /* DetailsView.m */,
			);
			path = Views;
			sourceTree = "<group>";
		};
		41B7F4EE2887160100030027 /* Event Handlers */ = {
			isa = PBXGroup;
			children = (
				410A102C287797850023F523 /* ParseEventHandler.h */,
				410A102D287797850023F523 /* ParseEventHandler.m */,
				41B7F4EF2887162B00030027 /* EKEventHandler.h */,
				41B7F4F02887162B00030027 /* EKEventHandler.m */,
				41B7F542288886DF00030027 /* CoreDataEventHandler.h */,
				41B7F543288886DF00030027 /* CoreDataEventHandler.m */,
				41B7F4F22887171500030027 /* EventHandler.h */,
			);
			path = "Event Handlers";
			sourceTree = "<group>";
		};
		41B7F54A2889AF0C00030027 /* Event Builders */ = {
			isa = PBXGroup;
			children = (
				41B7F4F4288740B400030027 /* EKEventBuilder.h */,
				41B7F4F5288740B400030027 /* EKEventBuilder.m */,
				410A102928774BE50023F523 /* ParseEventBuilder.h */,
				410A102A28774BE50023F523 /* ParseEventBuilder.m */,
				41B7F54D2889AF5800030027 /* CoreDataEventBuilder.h */,
				41B7F54E2889AF5800030027 /* CoreDataEventBuilder.m */,
			);
			path = "Event Builders";
			sourceTree = "<group>";
		};
		F795144D40A42030DEA6F66C /* Pods */ = {
			isa = PBXGroup;
			children = (
				5673277F7B796588BB2960DF /* Pods-Calendar.debug.xcconfig */,
				504796EDD91AE659F6D184A1 /* Pods-Calendar.release.xcconfig */,
				74B456A65A3976A8B730423D /* Pods-Calendar-CalendarUITests.debug.xcconfig */,
				B4160B553E899F99AE6F60C2 /* Pods-Calendar-CalendarUITests.release.xcconfig */,
				409A67BDEC49EFADE60844D5 /* Pods-CalendarTests.debug.xcconfig */,
				A6C562733995A14A0194FD62 /* Pods-CalendarTests.release.xcconfig */,
			);
			path = Pods;
			sourceTree = "<group>";
		};
		F92209D9A5C440EB4A736AE2 /* Frameworks */ = {
			isa = PBXGroup;
			children = (
				428F343F06B776A65B2D51DE /* libPods-Calendar.a */,
				B57BE2F214487C13945C1F83 /* libPods-Calendar-CalendarUITests.a */,
				470694E230CC0AE8EE7A2149 /* libPods-CalendarTests.a */,
			);
			name = Frameworks;
			sourceTree = "<group>";
		};
/* End PBXGroup section */

/* Begin PBXNativeTarget section */
		413DE5042874B39200CCF8E1 /* CalendarApp */ = {
			isa = PBXNativeTarget;
			buildConfigurationList = 413DE5342874B39400CCF8E1 /* Build configuration list for PBXNativeTarget "CalendarApp" */;
			buildPhases = (
				A941879A5FDD5EB304B3BEFA /* [CP] Check Pods Manifest.lock */,
				413DE5012874B39200CCF8E1 /* Sources */,
				413DE5022874B39200CCF8E1 /* Frameworks */,
				413DE5032874B39200CCF8E1 /* Resources */,
				317150DC3D49B03A9D4860D8 /* [CP] Copy Pods Resources */,
			);
			buildRules = (
			);
			dependencies = (
			);
			name = CalendarApp;
			productName = Calendar;
			productReference = 413DE5052874B39200CCF8E1 /* CalendarApp.app */;
			productType = "com.apple.product-type.application";
		};
		413DE51F2874B39400CCF8E1 /* CalendarAppTests */ = {
			isa = PBXNativeTarget;
			buildConfigurationList = 413DE5372874B39400CCF8E1 /* Build configuration list for PBXNativeTarget "CalendarAppTests" */;
			buildPhases = (
				FB132986D7187974614ADBF7 /* [CP] Check Pods Manifest.lock */,
				413DE51C2874B39400CCF8E1 /* Sources */,
				413DE51D2874B39400CCF8E1 /* Frameworks */,
				413DE51E2874B39400CCF8E1 /* Resources */,
			);
			buildRules = (
			);
			dependencies = (
				413DE5222874B39400CCF8E1 /* PBXTargetDependency */,
			);
			name = CalendarAppTests;
			productName = CalendarTests;
			productReference = 413DE5202874B39400CCF8E1 /* CalendarAppTests.xctest */;
			productType = "com.apple.product-type.bundle.unit-test";
		};
		413DE5292874B39400CCF8E1 /* CalendarAppUITests */ = {
			isa = PBXNativeTarget;
			buildConfigurationList = 413DE53A2874B39400CCF8E1 /* Build configuration list for PBXNativeTarget "CalendarAppUITests" */;
			buildPhases = (
				6FBD6B7FD60FA2BDB6CD7378 /* [CP] Check Pods Manifest.lock */,
				413DE5262874B39400CCF8E1 /* Sources */,
				413DE5272874B39400CCF8E1 /* Frameworks */,
				413DE5282874B39400CCF8E1 /* Resources */,
				AA0EAAC2D7F020EAE995592D /* [CP] Copy Pods Resources */,
			);
			buildRules = (
			);
			dependencies = (
				413DE52C2874B39400CCF8E1 /* PBXTargetDependency */,
			);
			name = CalendarAppUITests;
			productName = CalendarUITests;
			productReference = 413DE52A2874B39400CCF8E1 /* CalendarAppUITests.xctest */;
			productType = "com.apple.product-type.bundle.ui-testing";
		};
/* End PBXNativeTarget section */

/* Begin PBXProject section */
		413DE4FD2874B39200CCF8E1 /* Project object */ = {
			isa = PBXProject;
			attributes = {
				BuildIndependentTargetsInParallel = 1;
				LastUpgradeCheck = 1340;
				TargetAttributes = {
					413DE5042874B39200CCF8E1 = {
						CreatedOnToolsVersion = 13.4.1;
						LastSwiftMigration = 1340;
					};
					413DE51F2874B39400CCF8E1 = {
						CreatedOnToolsVersion = 13.4.1;
						LastSwiftMigration = 1340;
						TestTargetID = 413DE5042874B39200CCF8E1;
					};
					413DE5292874B39400CCF8E1 = {
						CreatedOnToolsVersion = 13.4.1;
						TestTargetID = 413DE5042874B39200CCF8E1;
					};
				};
			};
			buildConfigurationList = 413DE5002874B39200CCF8E1 /* Build configuration list for PBXProject "CalendarApp" */;
			compatibilityVersion = "Xcode 13.0";
			developmentRegion = en;
			hasScannedForEncodings = 0;
			knownRegions = (
				en,
				Base,
			);
			mainGroup = 413DE4FC2874B39200CCF8E1;
			productRefGroup = 413DE5062874B39200CCF8E1 /* Products */;
			projectDirPath = "";
			projectRoot = "";
			targets = (
				413DE5042874B39200CCF8E1 /* CalendarApp */,
				413DE51F2874B39400CCF8E1 /* CalendarAppTests */,
				413DE5292874B39400CCF8E1 /* CalendarAppUITests */,
			);
		};
/* End PBXProject section */

/* Begin PBXResourcesBuildPhase section */
		413DE5032874B39200CCF8E1 /* Resources */ = {
			isa = PBXResourcesBuildPhase;
			buildActionMask = 2147483647;
			files = (
				410A101928764D5C0023F523 /* Compose.storyboard in Resources */,
				41E2CF642880C9A20077F173 /* Keys.plist in Resources */,
				412D3A4C287E0F2D0023C9AA /* Details.storyboard in Resources */,
				413DE5182874B39400CCF8E1 /* LaunchScreen.storyboard in Resources */,
				413DE5152874B39400CCF8E1 /* Assets.xcassets in Resources */,
				413DE5132874B39200CCF8E1 /* Main.storyboard in Resources */,
				413DE55428762DB300CCF8E1 /* TodoList.storyboard in Resources */,
				41E2CF792880DE500077F173 /* Schedule.storyboard in Resources */,
			);
			runOnlyForDeploymentPostprocessing = 0;
		};
		413DE51E2874B39400CCF8E1 /* Resources */ = {
			isa = PBXResourcesBuildPhase;
			buildActionMask = 2147483647;
			files = (
			);
			runOnlyForDeploymentPostprocessing = 0;
		};
		413DE5282874B39400CCF8E1 /* Resources */ = {
			isa = PBXResourcesBuildPhase;
			buildActionMask = 2147483647;
			files = (
			);
			runOnlyForDeploymentPostprocessing = 0;
		};
/* End PBXResourcesBuildPhase section */

/* Begin PBXShellScriptBuildPhase section */
		317150DC3D49B03A9D4860D8 /* [CP] Copy Pods Resources */ = {
			isa = PBXShellScriptBuildPhase;
			buildActionMask = 2147483647;
			files = (
			);
			inputFileListPaths = (
				"${PODS_ROOT}/Target Support Files/Pods-Calendar/Pods-Calendar-resources-${CONFIGURATION}-input-files.xcfilelist",
			);
			name = "[CP] Copy Pods Resources";
			outputFileListPaths = (
				"${PODS_ROOT}/Target Support Files/Pods-Calendar/Pods-Calendar-resources-${CONFIGURATION}-output-files.xcfilelist",
			);
			runOnlyForDeploymentPostprocessing = 0;
			shellPath = /bin/sh;
			shellScript = "\"${PODS_ROOT}/Target Support Files/Pods-Calendar/Pods-Calendar-resources.sh\"\n";
			showEnvVarsInLog = 0;
		};
		6FBD6B7FD60FA2BDB6CD7378 /* [CP] Check Pods Manifest.lock */ = {
			isa = PBXShellScriptBuildPhase;
			buildActionMask = 2147483647;
			files = (
			);
			inputFileListPaths = (
			);
			inputPaths = (
				"${PODS_PODFILE_DIR_PATH}/Podfile.lock",
				"${PODS_ROOT}/Manifest.lock",
			);
			name = "[CP] Check Pods Manifest.lock";
			outputFileListPaths = (
			);
			outputPaths = (
				"$(DERIVED_FILE_DIR)/Pods-Calendar-CalendarUITests-checkManifestLockResult.txt",
			);
			runOnlyForDeploymentPostprocessing = 0;
			shellPath = /bin/sh;
			shellScript = "diff \"${PODS_PODFILE_DIR_PATH}/Podfile.lock\" \"${PODS_ROOT}/Manifest.lock\" > /dev/null\nif [ $? != 0 ] ; then\n    # print error to STDERR\n    echo \"error: The sandbox is not in sync with the Podfile.lock. Run 'pod install' or update your CocoaPods installation.\" >&2\n    exit 1\nfi\n# This output is used by Xcode 'outputs' to avoid re-running this script phase.\necho \"SUCCESS\" > \"${SCRIPT_OUTPUT_FILE_0}\"\n";
			showEnvVarsInLog = 0;
		};
		A941879A5FDD5EB304B3BEFA /* [CP] Check Pods Manifest.lock */ = {
			isa = PBXShellScriptBuildPhase;
			buildActionMask = 2147483647;
			files = (
			);
			inputFileListPaths = (
			);
			inputPaths = (
				"${PODS_PODFILE_DIR_PATH}/Podfile.lock",
				"${PODS_ROOT}/Manifest.lock",
			);
			name = "[CP] Check Pods Manifest.lock";
			outputFileListPaths = (
			);
			outputPaths = (
				"$(DERIVED_FILE_DIR)/Pods-Calendar-checkManifestLockResult.txt",
			);
			runOnlyForDeploymentPostprocessing = 0;
			shellPath = /bin/sh;
			shellScript = "diff \"${PODS_PODFILE_DIR_PATH}/Podfile.lock\" \"${PODS_ROOT}/Manifest.lock\" > /dev/null\nif [ $? != 0 ] ; then\n    # print error to STDERR\n    echo \"error: The sandbox is not in sync with the Podfile.lock. Run 'pod install' or update your CocoaPods installation.\" >&2\n    exit 1\nfi\n# This output is used by Xcode 'outputs' to avoid re-running this script phase.\necho \"SUCCESS\" > \"${SCRIPT_OUTPUT_FILE_0}\"\n";
			showEnvVarsInLog = 0;
		};
		AA0EAAC2D7F020EAE995592D /* [CP] Copy Pods Resources */ = {
			isa = PBXShellScriptBuildPhase;
			buildActionMask = 2147483647;
			files = (
			);
			inputFileListPaths = (
				"${PODS_ROOT}/Target Support Files/Pods-Calendar-CalendarUITests/Pods-Calendar-CalendarUITests-resources-${CONFIGURATION}-input-files.xcfilelist",
			);
			name = "[CP] Copy Pods Resources";
			outputFileListPaths = (
				"${PODS_ROOT}/Target Support Files/Pods-Calendar-CalendarUITests/Pods-Calendar-CalendarUITests-resources-${CONFIGURATION}-output-files.xcfilelist",
			);
			runOnlyForDeploymentPostprocessing = 0;
			shellPath = /bin/sh;
			shellScript = "\"${PODS_ROOT}/Target Support Files/Pods-Calendar-CalendarUITests/Pods-Calendar-CalendarUITests-resources.sh\"\n";
			showEnvVarsInLog = 0;
		};
		FB132986D7187974614ADBF7 /* [CP] Check Pods Manifest.lock */ = {
			isa = PBXShellScriptBuildPhase;
			buildActionMask = 2147483647;
			files = (
			);
			inputFileListPaths = (
			);
			inputPaths = (
				"${PODS_PODFILE_DIR_PATH}/Podfile.lock",
				"${PODS_ROOT}/Manifest.lock",
			);
			name = "[CP] Check Pods Manifest.lock";
			outputFileListPaths = (
			);
			outputPaths = (
				"$(DERIVED_FILE_DIR)/Pods-CalendarTests-checkManifestLockResult.txt",
			);
			runOnlyForDeploymentPostprocessing = 0;
			shellPath = /bin/sh;
			shellScript = "diff \"${PODS_PODFILE_DIR_PATH}/Podfile.lock\" \"${PODS_ROOT}/Manifest.lock\" > /dev/null\nif [ $? != 0 ] ; then\n    # print error to STDERR\n    echo \"error: The sandbox is not in sync with the Podfile.lock. Run 'pod install' or update your CocoaPods installation.\" >&2\n    exit 1\nfi\n# This output is used by Xcode 'outputs' to avoid re-running this script phase.\necho \"SUCCESS\" > \"${SCRIPT_OUTPUT_FILE_0}\"\n";
			showEnvVarsInLog = 0;
		};
/* End PBXShellScriptBuildPhase section */

/* Begin PBXSourcesBuildPhase section */
		413DE5012874B39200CCF8E1 /* Sources */ = {
			isa = PBXSourcesBuildPhase;
			buildActionMask = 2147483647;
			files = (
				410A1022287744120023F523 /* ComposeScrollView.m in Sources */,
				413DE54C28761EBF00CCF8E1 /* AuthenticationHandler.m in Sources */,
				413DE540287600C000CCF8E1 /* LoginViewController.m in Sources */,
				41E2CF7C2880DE930077F173 /* ScheduleViewController.m in Sources */,
				41B7F544288886DF00030027 /* CoreDataEventHandler.m in Sources */,
				41E2CF6E2880CBC60077F173 /* DailyCalendarViewController.swift in Sources */,
				410A102E287797850023F523 /* ParseEventHandler.m in Sources */,
				41B7F4ED2885FDC800030027 /* EventModel.swift in Sources */,
				410A102B28774BE50023F523 /* ParseEventBuilder.m in Sources */,
				41B7F54F2889AF5800030027 /* CoreDataEventBuilder.m in Sources */,
				410A101C287659E40023F523 /* ComposeViewController.m in Sources */,
				41B7F4F12887162B00030027 /* EKEventHandler.m in Sources */,
				413DE55A287634A700CCF8E1 /* LoginView.m in Sources */,
				41B7F4E92885CFD200030027 /* CalendarEventHandler.swift in Sources */,
				412D3A53287F388E0023C9AA /* DetailsViewController.m in Sources */,
				413DE50A2874B39200CCF8E1 /* AppDelegate.m in Sources */,
				413DE51B2874B39400CCF8E1 /* main.m in Sources */,
				413DE543287600E800CCF8E1 /* TodoViewController.m in Sources */,
				41B7F4F6288740B400030027 /* EKEventBuilder.m in Sources */,
				412D3A56287F394D0023C9AA /* DetailsView.m in Sources */,
				41B7F53D288868E800030027 /* CalendarApp.xcdatamodeld in Sources */,
				410A1028287749860023F523 /* ParseEvent.m in Sources */,
				413DE50D2874B39200CCF8E1 /* SceneDelegate.m in Sources */,
			);
			runOnlyForDeploymentPostprocessing = 0;
		};
		413DE51C2874B39400CCF8E1 /* Sources */ = {
			isa = PBXSourcesBuildPhase;
			buildActionMask = 2147483647;
			files = (
				41B7F5492888A79400030027 /* SampleEvents.swift in Sources */,
				41B7F5472888A28700030027 /* CalendarEventHandlerTests.swift in Sources */,
			);
			runOnlyForDeploymentPostprocessing = 0;
		};
		413DE5262874B39400CCF8E1 /* Sources */ = {
			isa = PBXSourcesBuildPhase;
			buildActionMask = 2147483647;
			files = (
				413DE5312874B39400CCF8E1 /* CalendarUITestsLaunchTests.m in Sources */,
				413DE52F2874B39400CCF8E1 /* CalendarUITests.m in Sources */,
			);
			runOnlyForDeploymentPostprocessing = 0;
		};
/* End PBXSourcesBuildPhase section */

/* Begin PBXTargetDependency section */
		413DE5222874B39400CCF8E1 /* PBXTargetDependency */ = {
			isa = PBXTargetDependency;
			target = 413DE5042874B39200CCF8E1 /* CalendarApp */;
			targetProxy = 413DE5212874B39400CCF8E1 /* PBXContainerItemProxy */;
		};
		413DE52C2874B39400CCF8E1 /* PBXTargetDependency */ = {
			isa = PBXTargetDependency;
			target = 413DE5042874B39200CCF8E1 /* CalendarApp */;
			targetProxy = 413DE52B2874B39400CCF8E1 /* PBXContainerItemProxy */;
		};
/* End PBXTargetDependency section */

/* Begin PBXVariantGroup section */
		413DE5112874B39200CCF8E1 /* Main.storyboard */ = {
			isa = PBXVariantGroup;
			children = (
				413DE5122874B39200CCF8E1 /* Base */,
			);
			name = Main.storyboard;
			sourceTree = "<group>";
		};
		413DE5162874B39400CCF8E1 /* LaunchScreen.storyboard */ = {
			isa = PBXVariantGroup;
			children = (
				413DE5172874B39400CCF8E1 /* Base */,
			);
			name = LaunchScreen.storyboard;
			sourceTree = "<group>";
		};
/* End PBXVariantGroup section */

/* Begin XCBuildConfiguration section */
		413DE5322874B39400CCF8E1 /* Debug */ = {
			isa = XCBuildConfiguration;
			buildSettings = {
				ALWAYS_SEARCH_USER_PATHS = NO;
				CLANG_ANALYZER_NONNULL = YES;
				CLANG_ANALYZER_NUMBER_OBJECT_CONVERSION = YES_AGGRESSIVE;
				CLANG_CXX_LANGUAGE_STANDARD = "gnu++17";
				CLANG_ENABLE_MODULES = YES;
				CLANG_ENABLE_OBJC_ARC = YES;
				CLANG_ENABLE_OBJC_WEAK = YES;
				CLANG_WARN_BLOCK_CAPTURE_AUTORELEASING = YES;
				CLANG_WARN_BOOL_CONVERSION = YES;
				CLANG_WARN_COMMA = YES;
				CLANG_WARN_CONSTANT_CONVERSION = YES;
				CLANG_WARN_DEPRECATED_OBJC_IMPLEMENTATIONS = YES;
				CLANG_WARN_DIRECT_OBJC_ISA_USAGE = YES_ERROR;
				CLANG_WARN_DOCUMENTATION_COMMENTS = YES;
				CLANG_WARN_EMPTY_BODY = YES;
				CLANG_WARN_ENUM_CONVERSION = YES;
				CLANG_WARN_INFINITE_RECURSION = YES;
				CLANG_WARN_INT_CONVERSION = YES;
				CLANG_WARN_NON_LITERAL_NULL_CONVERSION = YES;
				CLANG_WARN_OBJC_IMPLICIT_RETAIN_SELF = YES;
				CLANG_WARN_OBJC_LITERAL_CONVERSION = YES;
				CLANG_WARN_OBJC_ROOT_CLASS = YES_ERROR;
				CLANG_WARN_QUOTED_INCLUDE_IN_FRAMEWORK_HEADER = YES;
				CLANG_WARN_RANGE_LOOP_ANALYSIS = YES;
				CLANG_WARN_STRICT_PROTOTYPES = YES;
				CLANG_WARN_SUSPICIOUS_MOVE = YES;
				CLANG_WARN_UNGUARDED_AVAILABILITY = YES_AGGRESSIVE;
				CLANG_WARN_UNREACHABLE_CODE = YES;
				CLANG_WARN__DUPLICATE_METHOD_MATCH = YES;
				COPY_PHASE_STRIP = NO;
				DEBUG_INFORMATION_FORMAT = dwarf;
				ENABLE_STRICT_OBJC_MSGSEND = YES;
				ENABLE_TESTABILITY = YES;
				GCC_C_LANGUAGE_STANDARD = gnu11;
				GCC_DYNAMIC_NO_PIC = NO;
				GCC_NO_COMMON_BLOCKS = YES;
				GCC_OPTIMIZATION_LEVEL = 0;
				GCC_PREPROCESSOR_DEFINITIONS = (
					"DEBUG=1",
					"$(inherited)",
				);
				GCC_WARN_64_TO_32_BIT_CONVERSION = YES;
				GCC_WARN_ABOUT_RETURN_TYPE = YES_ERROR;
				GCC_WARN_UNDECLARED_SELECTOR = YES;
				GCC_WARN_UNINITIALIZED_AUTOS = YES_AGGRESSIVE;
				GCC_WARN_UNUSED_FUNCTION = YES;
				GCC_WARN_UNUSED_VARIABLE = YES;
				IPHONEOS_DEPLOYMENT_TARGET = 15.5;
				MTL_ENABLE_DEBUG_INFO = INCLUDE_SOURCE;
				MTL_FAST_MATH = YES;
				ONLY_ACTIVE_ARCH = YES;
				SDKROOT = iphoneos;
			};
			name = Debug;
		};
		413DE5332874B39400CCF8E1 /* Release */ = {
			isa = XCBuildConfiguration;
			buildSettings = {
				ALWAYS_SEARCH_USER_PATHS = NO;
				CLANG_ANALYZER_NONNULL = YES;
				CLANG_ANALYZER_NUMBER_OBJECT_CONVERSION = YES_AGGRESSIVE;
				CLANG_CXX_LANGUAGE_STANDARD = "gnu++17";
				CLANG_ENABLE_MODULES = YES;
				CLANG_ENABLE_OBJC_ARC = YES;
				CLANG_ENABLE_OBJC_WEAK = YES;
				CLANG_WARN_BLOCK_CAPTURE_AUTORELEASING = YES;
				CLANG_WARN_BOOL_CONVERSION = YES;
				CLANG_WARN_COMMA = YES;
				CLANG_WARN_CONSTANT_CONVERSION = YES;
				CLANG_WARN_DEPRECATED_OBJC_IMPLEMENTATIONS = YES;
				CLANG_WARN_DIRECT_OBJC_ISA_USAGE = YES_ERROR;
				CLANG_WARN_DOCUMENTATION_COMMENTS = YES;
				CLANG_WARN_EMPTY_BODY = YES;
				CLANG_WARN_ENUM_CONVERSION = YES;
				CLANG_WARN_INFINITE_RECURSION = YES;
				CLANG_WARN_INT_CONVERSION = YES;
				CLANG_WARN_NON_LITERAL_NULL_CONVERSION = YES;
				CLANG_WARN_OBJC_IMPLICIT_RETAIN_SELF = YES;
				CLANG_WARN_OBJC_LITERAL_CONVERSION = YES;
				CLANG_WARN_OBJC_ROOT_CLASS = YES_ERROR;
				CLANG_WARN_QUOTED_INCLUDE_IN_FRAMEWORK_HEADER = YES;
				CLANG_WARN_RANGE_LOOP_ANALYSIS = YES;
				CLANG_WARN_STRICT_PROTOTYPES = YES;
				CLANG_WARN_SUSPICIOUS_MOVE = YES;
				CLANG_WARN_UNGUARDED_AVAILABILITY = YES_AGGRESSIVE;
				CLANG_WARN_UNREACHABLE_CODE = YES;
				CLANG_WARN__DUPLICATE_METHOD_MATCH = YES;
				COPY_PHASE_STRIP = NO;
				DEBUG_INFORMATION_FORMAT = "dwarf-with-dsym";
				ENABLE_NS_ASSERTIONS = NO;
				ENABLE_STRICT_OBJC_MSGSEND = YES;
				GCC_C_LANGUAGE_STANDARD = gnu11;
				GCC_NO_COMMON_BLOCKS = YES;
				GCC_WARN_64_TO_32_BIT_CONVERSION = YES;
				GCC_WARN_ABOUT_RETURN_TYPE = YES_ERROR;
				GCC_WARN_UNDECLARED_SELECTOR = YES;
				GCC_WARN_UNINITIALIZED_AUTOS = YES_AGGRESSIVE;
				GCC_WARN_UNUSED_FUNCTION = YES;
				GCC_WARN_UNUSED_VARIABLE = YES;
				IPHONEOS_DEPLOYMENT_TARGET = 15.5;
				MTL_ENABLE_DEBUG_INFO = NO;
				MTL_FAST_MATH = YES;
				SDKROOT = iphoneos;
				VALIDATE_PRODUCT = YES;
			};
			name = Release;
		};
		413DE5352874B39400CCF8E1 /* Debug */ = {
			isa = XCBuildConfiguration;
			baseConfigurationReference = 5673277F7B796588BB2960DF /* Pods-Calendar.debug.xcconfig */;
			buildSettings = {
				ASSETCATALOG_COMPILER_APPICON_NAME = AppIcon;
				ASSETCATALOG_COMPILER_GLOBAL_ACCENT_COLOR_NAME = AccentColor;
				CLANG_ENABLE_MODULES = YES;
				CODE_SIGN_STYLE = Automatic;
				CURRENT_PROJECT_VERSION = 1;
				DEVELOPMENT_TEAM = 3AU6YJ5LJW;
				GENERATE_INFOPLIST_FILE = YES;
				INFOPLIST_FILE = CalendarApp/Info.plist;
				INFOPLIST_KEY_NSCalendarsUsageDescription = "The app needs access to your calendar to sync events.";
				INFOPLIST_KEY_UIApplicationSupportsIndirectInputEvents = YES;
				INFOPLIST_KEY_UILaunchStoryboardName = LaunchScreen;
				INFOPLIST_KEY_UIMainStoryboardFile = Main;
				INFOPLIST_KEY_UISupportedInterfaceOrientations = UIInterfaceOrientationPortrait;
				INFOPLIST_KEY_UISupportedInterfaceOrientations_iPad = "UIInterfaceOrientationPortrait UIInterfaceOrientationPortraitUpsideDown UIInterfaceOrientationLandscapeLeft UIInterfaceOrientationLandscapeRight";
				INFOPLIST_KEY_UISupportedInterfaceOrientations_iPhone = UIInterfaceOrientationPortrait;
				LD_RUNPATH_SEARCH_PATHS = (
					"$(inherited)",
					"@executable_path/Frameworks",
				);
				MARKETING_VERSION = 1.0;
				PRODUCT_BUNDLE_IDENTIFIER = com.codepath.Calendar;
				PRODUCT_NAME = "$(TARGET_NAME)";
				SWIFT_EMIT_LOC_STRINGS = YES;
				SWIFT_OBJC_BRIDGING_HEADER = "CalendarApp/CalendarApp-Bridging-Header.h";
				SWIFT_OPTIMIZATION_LEVEL = "-Onone";
				SWIFT_VERSION = 5.0;
				TARGETED_DEVICE_FAMILY = "1,2";
			};
			name = Debug;
		};
		413DE5362874B39400CCF8E1 /* Release */ = {
			isa = XCBuildConfiguration;
			baseConfigurationReference = 504796EDD91AE659F6D184A1 /* Pods-Calendar.release.xcconfig */;
			buildSettings = {
				ASSETCATALOG_COMPILER_APPICON_NAME = AppIcon;
				ASSETCATALOG_COMPILER_GLOBAL_ACCENT_COLOR_NAME = AccentColor;
				CLANG_ENABLE_MODULES = YES;
				CODE_SIGN_STYLE = Automatic;
				CURRENT_PROJECT_VERSION = 1;
				DEVELOPMENT_TEAM = 3AU6YJ5LJW;
				GENERATE_INFOPLIST_FILE = YES;
				INFOPLIST_FILE = CalendarApp/Info.plist;
				INFOPLIST_KEY_NSCalendarsUsageDescription = "The app needs access to your calendar to sync events.";
				INFOPLIST_KEY_UIApplicationSupportsIndirectInputEvents = YES;
				INFOPLIST_KEY_UILaunchStoryboardName = LaunchScreen;
				INFOPLIST_KEY_UIMainStoryboardFile = Main;
				INFOPLIST_KEY_UISupportedInterfaceOrientations = UIInterfaceOrientationPortrait;
				INFOPLIST_KEY_UISupportedInterfaceOrientations_iPad = "UIInterfaceOrientationPortrait UIInterfaceOrientationPortraitUpsideDown UIInterfaceOrientationLandscapeLeft UIInterfaceOrientationLandscapeRight";
				INFOPLIST_KEY_UISupportedInterfaceOrientations_iPhone = UIInterfaceOrientationPortrait;
				LD_RUNPATH_SEARCH_PATHS = (
					"$(inherited)",
					"@executable_path/Frameworks",
				);
				MARKETING_VERSION = 1.0;
				PRODUCT_BUNDLE_IDENTIFIER = com.codepath.Calendar;
				PRODUCT_NAME = "$(TARGET_NAME)";
				SWIFT_EMIT_LOC_STRINGS = YES;
				SWIFT_OBJC_BRIDGING_HEADER = "CalendarApp/CalendarApp-Bridging-Header.h";
				SWIFT_VERSION = 5.0;
				TARGETED_DEVICE_FAMILY = "1,2";
			};
			name = Release;
		};
		413DE5382874B39400CCF8E1 /* Debug */ = {
			isa = XCBuildConfiguration;
			baseConfigurationReference = 409A67BDEC49EFADE60844D5 /* Pods-CalendarTests.debug.xcconfig */;
			buildSettings = {
				ALWAYS_EMBED_SWIFT_STANDARD_LIBRARIES = YES;
				BUNDLE_LOADER = "$(TEST_HOST)";
				CLANG_ENABLE_MODULES = YES;
				CODE_SIGN_STYLE = Automatic;
				CURRENT_PROJECT_VERSION = 1;
				DEVELOPMENT_TEAM = 3AU6YJ5LJW;
				GENERATE_INFOPLIST_FILE = YES;
				IPHONEOS_DEPLOYMENT_TARGET = 15.5;
				LD_RUNPATH_SEARCH_PATHS = (
					"$(inherited)",
					"@executable_path/Frameworks",
					"@loader_path/Frameworks",
				);
				MARKETING_VERSION = 1.0;
				PRODUCT_BUNDLE_IDENTIFIER = com.codepath.CalendarTests;
				PRODUCT_NAME = "$(TARGET_NAME)";
				SWIFT_EMIT_LOC_STRINGS = NO;
				SWIFT_OBJC_BRIDGING_HEADER = "CalendarAppTests/CalendarAppTests-Bridging-Header.h";
				SWIFT_OPTIMIZATION_LEVEL = "-Onone";
				SWIFT_VERSION = 5.0;
				TARGETED_DEVICE_FAMILY = "1,2";
				TEST_HOST = "$(BUILT_PRODUCTS_DIR)/CalendarApp.app/CalendarApp";
			};
			name = Debug;
		};
		413DE5392874B39400CCF8E1 /* Release */ = {
			isa = XCBuildConfiguration;
			baseConfigurationReference = A6C562733995A14A0194FD62 /* Pods-CalendarTests.release.xcconfig */;
			buildSettings = {
				ALWAYS_EMBED_SWIFT_STANDARD_LIBRARIES = YES;
				BUNDLE_LOADER = "$(TEST_HOST)";
				CLANG_ENABLE_MODULES = YES;
				CODE_SIGN_STYLE = Automatic;
				CURRENT_PROJECT_VERSION = 1;
				DEVELOPMENT_TEAM = 3AU6YJ5LJW;
				GENERATE_INFOPLIST_FILE = YES;
				IPHONEOS_DEPLOYMENT_TARGET = 15.5;
				LD_RUNPATH_SEARCH_PATHS = (
					"$(inherited)",
					"@executable_path/Frameworks",
					"@loader_path/Frameworks",
				);
				MARKETING_VERSION = 1.0;
				PRODUCT_BUNDLE_IDENTIFIER = com.codepath.CalendarTests;
				PRODUCT_NAME = "$(TARGET_NAME)";
				SWIFT_EMIT_LOC_STRINGS = NO;
				SWIFT_OBJC_BRIDGING_HEADER = "CalendarAppTests/CalendarAppTests-Bridging-Header.h";
				SWIFT_VERSION = 5.0;
				TARGETED_DEVICE_FAMILY = "1,2";
				TEST_HOST = "$(BUILT_PRODUCTS_DIR)/CalendarApp.app/CalendarApp";
			};
			name = Release;
		};
		413DE53B2874B39400CCF8E1 /* Debug */ = {
			isa = XCBuildConfiguration;
			baseConfigurationReference = 74B456A65A3976A8B730423D /* Pods-Calendar-CalendarUITests.debug.xcconfig */;
			buildSettings = {
				ALWAYS_EMBED_SWIFT_STANDARD_LIBRARIES = YES;
				CODE_SIGN_STYLE = Automatic;
				CURRENT_PROJECT_VERSION = 1;
				DEVELOPMENT_TEAM = 3AU6YJ5LJW;
				GENERATE_INFOPLIST_FILE = YES;
				MARKETING_VERSION = 1.0;
				PRODUCT_BUNDLE_IDENTIFIER = com.codepath.CalendarUITests;
				PRODUCT_NAME = "$(TARGET_NAME)";
				SWIFT_EMIT_LOC_STRINGS = NO;
				TARGETED_DEVICE_FAMILY = "1,2";
				TEST_TARGET_NAME = Calendar;
			};
			name = Debug;
		};
		413DE53C2874B39400CCF8E1 /* Release */ = {
			isa = XCBuildConfiguration;
			baseConfigurationReference = B4160B553E899F99AE6F60C2 /* Pods-Calendar-CalendarUITests.release.xcconfig */;
			buildSettings = {
				ALWAYS_EMBED_SWIFT_STANDARD_LIBRARIES = YES;
				CODE_SIGN_STYLE = Automatic;
				CURRENT_PROJECT_VERSION = 1;
				DEVELOPMENT_TEAM = 3AU6YJ5LJW;
				GENERATE_INFOPLIST_FILE = YES;
				MARKETING_VERSION = 1.0;
				PRODUCT_BUNDLE_IDENTIFIER = com.codepath.CalendarUITests;
				PRODUCT_NAME = "$(TARGET_NAME)";
				SWIFT_EMIT_LOC_STRINGS = NO;
				TARGETED_DEVICE_FAMILY = "1,2";
				TEST_TARGET_NAME = Calendar;
			};
			name = Release;
		};
/* End XCBuildConfiguration section */

/* Begin XCConfigurationList section */
		413DE5002874B39200CCF8E1 /* Build configuration list for PBXProject "CalendarApp" */ = {
			isa = XCConfigurationList;
			buildConfigurations = (
				413DE5322874B39400CCF8E1 /* Debug */,
				413DE5332874B39400CCF8E1 /* Release */,
			);
			defaultConfigurationIsVisible = 0;
			defaultConfigurationName = Release;
		};
		413DE5342874B39400CCF8E1 /* Build configuration list for PBXNativeTarget "CalendarApp" */ = {
			isa = XCConfigurationList;
			buildConfigurations = (
				413DE5352874B39400CCF8E1 /* Debug */,
				413DE5362874B39400CCF8E1 /* Release */,
			);
			defaultConfigurationIsVisible = 0;
			defaultConfigurationName = Release;
		};
		413DE5372874B39400CCF8E1 /* Build configuration list for PBXNativeTarget "CalendarAppTests" */ = {
			isa = XCConfigurationList;
			buildConfigurations = (
				413DE5382874B39400CCF8E1 /* Debug */,
				413DE5392874B39400CCF8E1 /* Release */,
			);
			defaultConfigurationIsVisible = 0;
			defaultConfigurationName = Release;
		};
		413DE53A2874B39400CCF8E1 /* Build configuration list for PBXNativeTarget "CalendarAppUITests" */ = {
			isa = XCConfigurationList;
			buildConfigurations = (
				413DE53B2874B39400CCF8E1 /* Debug */,
				413DE53C2874B39400CCF8E1 /* Release */,
			);
			defaultConfigurationIsVisible = 0;
			defaultConfigurationName = Release;
		};
/* End XCConfigurationList section */

/* Begin XCVersionGroup section */
		41B7F53B288868E800030027 /* CalendarApp.xcdatamodeld */ = {
			isa = XCVersionGroup;
			children = (
				41B7F53C288868E800030027 /* CalendarApp.xcdatamodel */,
			);
			currentVersion = 41B7F53C288868E800030027 /* CalendarApp.xcdatamodel */;
			path = CalendarApp.xcdatamodeld;
			sourceTree = "<group>";
			versionGroupType = wrapper.xcdatamodel;
		};
/* End XCVersionGroup section */
	};
	rootObject = 413DE4FD2874B39200CCF8E1 /* Project object */;
}
